
Microsoft Visual Studio Solution File, Format Version 12.00
# Visual Studio Version 17
VisualStudioVersion = 17.9.34728.123
MinimumVisualStudioVersion = 10.0.40219.1
Project("{FAE04EC0-301F-11D3-BF4B-00C04F79EFBC}") = "DevPilot", "DevPilot\DevPilot.csproj", "{1393B114-5235-4421-80DB-7D736FF6BB2F}"
EndProject
Global
	GlobalSection(SolutionConfigurationPlatforms) = preSolution
		Debug|Any CPU = Debug|Any CPU
		Release|Any CPU = Release|Any CPU
	EndGlobalSection
	GlobalSection(ProjectConfigurationPlatforms) = postSolution
		{1393B114-5235-4421-80DB-7D736FF6BB2F}.Debug|Any CPU.ActiveCfg = Debug|Any CPU
		{1393B114-5235-4421-80DB-7D736FF6BB2F}.Debug|Any CPU.Build.0 = Debug|Any CPU
		{1393B114-5235-4421-80DB-7D736FF6BB2F}.Release|Any CPU.ActiveCfg = Release|Any CPU
		{1393B114-5235-4421-80DB-7D736FF6BB2F}.Release|Any CPU.Build.0 = Release|Any CPU
	EndGlobalSection
	GlobalSection(SolutionProperties) = preSolution
		HideSolutionNode = FALSE
	EndGlobalSection
	GlobalSection(ExtensibilityGlobals) = postSolution
		SolutionGuid = {D2D4065F-13B2-4635-9C79-D09A028F150C}
	EndGlobalSection
EndGlobal
